// !$*UTF8*$!
{
	archiveVersion = 1;
	classes = {
	};
	objectVersion = 46;
	objects = {

/* Begin PBXBuildFile section */
		8415DE1E1D58269B0046E456 /* CoreLibrary.framework in Frameworks */ = {isa = PBXBuildFile; fileRef = 8415DE1D1D5826900046E456 /* CoreLibrary.framework */; };
		8415DE1F1D58269B0046E456 /* CoreLibrary.framework in Embed Frameworks */ = {isa = PBXBuildFile; fileRef = 8415DE1D1D5826900046E456 /* CoreLibrary.framework */; settings = {ATTRIBUTES = (CodeSignOnCopy, RemoveHeadersOnCopy, ); }; };
		848988901F05F2570020BB24 /* demo_unicode.html in Resources */ = {isa = PBXBuildFile; fileRef = 8489888E1F05F2570020BB24 /* demo_unicode.html */; };
		848988911F05F2570020BB24 /* iconfont.ttf in Resources */ = {isa = PBXBuildFile; fileRef = 8489888F1F05F2570020BB24 /* iconfont.ttf */; };
		848988941F05F3290020BB24 /* UIConfig.swift in Sources */ = {isa = PBXBuildFile; fileRef = 848988931F05F3290020BB24 /* UIConfig.swift */; };
		A9B9C9491C380082000C8959 /* Images.xcassets in Resources */ = {isa = PBXBuildFile; fileRef = A9B9C9481C380082000C8959 /* Images.xcassets */; };
		A9B9C94C1C380082000C8959 /* LaunchScreen.xib in Resources */ = {isa = PBXBuildFile; fileRef = A9B9C94A1C380082000C8959 /* LaunchScreen.xib */; };
		A9B9C9581C380082000C8959 /* FinanceApplicationTests.swift in Sources */ = {isa = PBXBuildFile; fileRef = A9B9C9571C380082000C8959 /* FinanceApplicationTests.swift */; };
		A9B9CAE31C380559000C8959 /* AppDelegate.swift in Sources */ = {isa = PBXBuildFile; fileRef = A9B9CADA1C380559000C8959 /* AppDelegate.swift */; };
		A9B9CAE41C380559000C8959 /* AViewController.swift in Sources */ = {isa = PBXBuildFile; fileRef = A9B9CADB1C380559000C8959 /* AViewController.swift */; };
		A9B9CAE61C380559000C8959 /* DataRemoteFacade.swift in Sources */ = {isa = PBXBuildFile; fileRef = A9B9CADE1C380559000C8959 /* DataRemoteFacade.swift */; };
		A9B9CAE81C380559000C8959 /* MyTabItemRenderer.swift in Sources */ = {isa = PBXBuildFile; fileRef = A9B9CAE01C380559000C8959 /* MyTabItemRenderer.swift */; };
		A9B9CAEA1C380559000C8959 /* RootViewController.swift in Sources */ = {isa = PBXBuildFile; fileRef = A9B9CAE21C380559000C8959 /* RootViewController.swift */; };
		A9B9CBB51C380585000C8959 /* DetailsDayValueRateView.swift in Sources */ = {isa = PBXBuildFile; fileRef = A9B9CAEC1C380585000C8959 /* DetailsDayValueRateView.swift */; };
		A9B9CBB61C380585000C8959 /* DetailsNetValueEstimateView.swift in Sources */ = {isa = PBXBuildFile; fileRef = A9B9CAED1C380585000C8959 /* DetailsNetValueEstimateView.swift */; };
		A9B9CBB71C380585000C8959 /* DetailsNetValueRateView.swift in Sources */ = {isa = PBXBuildFile; fileRef = A9B9CAEE1C380585000C8959 /* DetailsNetValueRateView.swift */; };
		A9B9CBB81C380585000C8959 /* DetailsNoticeView.swift in Sources */ = {isa = PBXBuildFile; fileRef = A9B9CAEF1C380585000C8959 /* DetailsNoticeView.swift */; };
		A9B9CBB91C380585000C8959 /* DetailsPageChartCell.swift in Sources */ = {isa = PBXBuildFile; fileRef = A9B9CAF01C380585000C8959 /* DetailsPageChartCell.swift */; };
		A9B9CBBA1C380585000C8959 /* DetailsPageChartSection.swift in Sources */ = {isa = PBXBuildFile; fileRef = A9B9CAF11C380585000C8959 /* DetailsPageChartSection.swift */; };
		A9B9CBBB1C380585000C8959 /* DetailsPageController.swift in Sources */ = {isa = PBXBuildFile; fileRef = A9B9CAF21C380585000C8959 /* DetailsPageController.swift */; };
		A9B9CBBC1C380585000C8959 /* DetailsPageInfoCell.swift in Sources */ = {isa = PBXBuildFile; fileRef = A9B9CAF31C380585000C8959 /* DetailsPageInfoCell.swift */; };
		A9B9CBBD1C380585000C8959 /* DetailsPageMultipleCell.swift in Sources */ = {isa = PBXBuildFile; fileRef = A9B9CAF41C380585000C8959 /* DetailsPageMultipleCell.swift */; };
		A9B9CBBE1C380585000C8959 /* DetailsPageMultipleSection.swift in Sources */ = {isa = PBXBuildFile; fileRef = A9B9CAF51C380585000C8959 /* DetailsPageMultipleSection.swift */; };
		A9B9CBBF1C380585000C8959 /* DetailsStockView.swift in Sources */ = {isa = PBXBuildFile; fileRef = A9B9CAF61C380585000C8959 /* DetailsStockView.swift */; };
		A9B9CBC01C380585000C8959 /* DetailsSummaryView.swift in Sources */ = {isa = PBXBuildFile; fileRef = A9B9CAF71C380585000C8959 /* DetailsSummaryView.swift */; };
		A9B9CBC11C380585000C8959 /* DetailsWebPageController.swift in Sources */ = {isa = PBXBuildFile; fileRef = A9B9CAF81C380585000C8959 /* DetailsWebPageController.swift */; };
		A9B9CBC21C380585000C8959 /* FundPageFilterController.swift in Sources */ = {isa = PBXBuildFile; fileRef = A9B9CAFA1C380585000C8959 /* FundPageFilterController.swift */; };
		A9B9CBC31C380585000C8959 /* FundPageHomeController.swift in Sources */ = {isa = PBXBuildFile; fileRef = A9B9CAFB1C380585000C8959 /* FundPageHomeController.swift */; };
		A9B9CBC41C380585000C8959 /* FundPageHomeHotCell.swift in Sources */ = {isa = PBXBuildFile; fileRef = A9B9CAFC1C380585000C8959 /* FundPageHomeHotCell.swift */; };
		A9B9CBC51C380585000C8959 /* FundPageHomeInfoCell.swift in Sources */ = {isa = PBXBuildFile; fileRef = A9B9CAFD1C380585000C8959 /* FundPageHomeInfoCell.swift */; };
		A9B9CBC61C380585000C8959 /* FundPageKindController.swift in Sources */ = {isa = PBXBuildFile; fileRef = A9B9CAFE1C380585000C8959 /* FundPageKindController.swift */; };
		A9B9CBC71C380585000C8959 /* HomePageBannerCell.swift in Sources */ = {isa = PBXBuildFile; fileRef = A9B9CB001C380585000C8959 /* HomePageBannerCell.swift */; };
		A9B9CBC81C380585000C8959 /* HomePageController.swift in Sources */ = {isa = PBXBuildFile; fileRef = A9B9CB011C380585000C8959 /* HomePageController.swift */; };
		A9B9CBC91C380585000C8959 /* HomePageFooterCell.swift in Sources */ = {isa = PBXBuildFile; fileRef = A9B9CB021C380585000C8959 /* HomePageFooterCell.swift */; };
		A9B9CBCA1C380585000C8959 /* HomePageHotHeader.swift in Sources */ = {isa = PBXBuildFile; fileRef = A9B9CB031C380585000C8959 /* HomePageHotHeader.swift */; };
		A9B9CBCB1C380585000C8959 /* HomePageHotItemCell.swift in Sources */ = {isa = PBXBuildFile; fileRef = A9B9CB041C380585000C8959 /* HomePageHotItemCell.swift */; };
		A9B9CBCC1C380585000C8959 /* HomePageNavigationControl.swift in Sources */ = {isa = PBXBuildFile; fileRef = A9B9CB051C380585000C8959 /* HomePageNavigationControl.swift */; };
		A9B9CBCD1C380585000C8959 /* HomePageScanController.swift in Sources */ = {isa = PBXBuildFile; fileRef = A9B9CB061C380585000C8959 /* HomePageScanController.swift */; };
		A9B9CBCE1C380585000C8959 /* HomePageSearchBarHeader.swift in Sources */ = {isa = PBXBuildFile; fileRef = A9B9CB071C380585000C8959 /* HomePageSearchBarHeader.swift */; };
		A9B9CC1A1C380585000C8959 /* SearchResultsTableViewController.swift in Sources */ = {isa = PBXBuildFile; fileRef = A9B9CB761C380585000C8959 /* SearchResultsTableViewController.swift */; };
		A9B9CC1B1C380585000C8959 /* SearchViewController.swift in Sources */ = {isa = PBXBuildFile; fileRef = A9B9CB771C380585000C8959 /* SearchViewController.swift */; };
		A9B9CC1D1C380585000C8959 /* banner.jpg in Resources */ = {isa = PBXBuildFile; fileRef = A9B9CB7A1C380585000C8959 /* banner.jpg */; };
		A9B9CC1F1C380585000C8959 /* empty.png in Resources */ = {isa = PBXBuildFile; fileRef = A9B9CB7C1C380585000C8959 /* empty.png */; };
		A9B9CC211C380585000C8959 /* fundHot01.png in Resources */ = {isa = PBXBuildFile; fileRef = A9B9CB7F1C380585000C8959 /* fundHot01.png */; };
		A9B9CC221C380585000C8959 /* fundHot02.png in Resources */ = {isa = PBXBuildFile; fileRef = A9B9CB801C380585000C8959 /* fundHot02.png */; };
		A9B9CC231C380585000C8959 /* fundHot03.png in Resources */ = {isa = PBXBuildFile; fileRef = A9B9CB811C380585000C8959 /* fundHot03.png */; };
		A9B9CC241C380585000C8959 /* fundHot04.png in Resources */ = {isa = PBXBuildFile; fileRef = A9B9CB821C380585000C8959 /* fundHot04.png */; };
		A9B9CC251C380585000C8959 /* fundHot05.png in Resources */ = {isa = PBXBuildFile; fileRef = A9B9CB831C380585000C8959 /* fundHot05.png */; };
		A9B9CC261C380585000C8959 /* fundHot06.png in Resources */ = {isa = PBXBuildFile; fileRef = A9B9CB841C380585000C8959 /* fundHot06.png */; };
		A9B9CC271C380585000C8959 /* fundHot07.png in Resources */ = {isa = PBXBuildFile; fileRef = A9B9CB851C380585000C8959 /* fundHot07.png */; };
		A9B9CC281C380585000C8959 /* fundHot08.png in Resources */ = {isa = PBXBuildFile; fileRef = A9B9CB861C380585000C8959 /* fundHot08.png */; };
		A9B9CC291C380585000C8959 /* fundHot09.png in Resources */ = {isa = PBXBuildFile; fileRef = A9B9CB871C380585000C8959 /* fundHot09.png */; };
		A9B9CC2A1C380585000C8959 /* fundHot10.png in Resources */ = {isa = PBXBuildFile; fileRef = A9B9CB881C380585000C8959 /* fundHot10.png */; };
		A9B9CC2B1C380585000C8959 /* fundHot11.png in Resources */ = {isa = PBXBuildFile; fileRef = A9B9CB891C380585000C8959 /* fundHot11.png */; };
		A9B9CC2C1C380585000C8959 /* fundHot12.png in Resources */ = {isa = PBXBuildFile; fileRef = A9B9CB8A1C380585000C8959 /* fundHot12.png */; };
		A9B9CC3B1C380585000C8959 /* qrcode_scan_part_net.png in Resources */ = {isa = PBXBuildFile; fileRef = A9B9CB9A1C380585000C8959 /* qrcode_scan_part_net.png */; };
/* End PBXBuildFile section */

/* Begin PBXContainerItemProxy section */
		8415DE1C1D5826900046E456 /* PBXContainerItemProxy */ = {
			isa = PBXContainerItemProxy;
			containerPortal = 8415DE181D5826900046E456 /* CoreLibrary.xcodeproj */;
			proxyType = 2;
			remoteGlobalIDString = 8437DD981D534D7D00623EAA;
			remoteInfo = CoreLibrary;
		};
		8415DE201D58269B0046E456 /* PBXContainerItemProxy */ = {
			isa = PBXContainerItemProxy;
			containerPortal = 8415DE181D5826900046E456 /* CoreLibrary.xcodeproj */;
			proxyType = 1;
			remoteGlobalIDString = 8437DD971D534D7D00623EAA;
			remoteInfo = CoreLibrary;
		};
		A9B9C9521C380082000C8959 /* PBXContainerItemProxy */ = {
			isa = PBXContainerItemProxy;
			containerPortal = A9B9C9341C380082000C8959 /* Project object */;
			proxyType = 1;
			remoteGlobalIDString = A9B9C93B1C380082000C8959;
			remoteInfo = FinanceApplication;
		};
/* End PBXContainerItemProxy section */

/* Begin PBXCopyFilesBuildPhase section */
		840F4B161D5477990017D318 /* Embed Frameworks */ = {
			isa = PBXCopyFilesBuildPhase;
			buildActionMask = 2147483647;
			dstPath = "";
			dstSubfolderSpec = 11;
			files = (
			);
			name = "Embed Frameworks";
			runOnlyForDeploymentPostprocessing = 0;
		};
		8415DE221D58269B0046E456 /* Embed Frameworks */ = {
			isa = PBXCopyFilesBuildPhase;
			buildActionMask = 2147483647;
			dstPath = "";
			dstSubfolderSpec = 10;
			files = (
				8415DE1F1D58269B0046E456 /* CoreLibrary.framework in Embed Frameworks */,
			);
			name = "Embed Frameworks";
			runOnlyForDeploymentPostprocessing = 0;
		};
/* End PBXCopyFilesBuildPhase section */

/* Begin PBXFileReference section */
		8415DE181D5826900046E456 /* CoreLibrary.xcodeproj */ = {isa = PBXFileReference; lastKnownFileType = "wrapper.pb-project"; name = CoreLibrary.xcodeproj; path = ../../CoreLibraryDevelop/CoreLibrary.xcodeproj; sourceTree = "<group>"; };
		8489888E1F05F2570020BB24 /* demo_unicode.html */ = {isa = PBXFileReference; fileEncoding = 4; lastKnownFileType = text.html; path = demo_unicode.html; sourceTree = "<group>"; };
		8489888F1F05F2570020BB24 /* iconfont.ttf */ = {isa = PBXFileReference; lastKnownFileType = file; path = iconfont.ttf; sourceTree = "<group>"; };
		848988931F05F3290020BB24 /* UIConfig.swift */ = {isa = PBXFileReference; fileEncoding = 4; lastKnownFileType = sourcecode.swift; path = UIConfig.swift; sourceTree = "<group>"; };
		A9B9C93C1C380082000C8959 /* FinanceApplication.app */ = {isa = PBXFileReference; explicitFileType = wrapper.application; includeInIndex = 0; path = FinanceApplication.app; sourceTree = BUILT_PRODUCTS_DIR; };
		A9B9C9401C380082000C8959 /* Info.plist */ = {isa = PBXFileReference; lastKnownFileType = text.plist.xml; path = Info.plist; sourceTree = "<group>"; };
		A9B9C9481C380082000C8959 /* Images.xcassets */ = {isa = PBXFileReference; lastKnownFileType = folder.assetcatalog; path = Images.xcassets; sourceTree = "<group>"; };
		A9B9C94B1C380082000C8959 /* Base */ = {isa = PBXFileReference; lastKnownFileType = file.xib; name = Base; path = Base.lproj/LaunchScreen.xib; sourceTree = "<group>"; };
		A9B9C9511C380082000C8959 /* FinanceApplicationTests.xctest */ = {isa = PBXFileReference; explicitFileType = wrapper.cfbundle; includeInIndex = 0; path = FinanceApplicationTests.xctest; sourceTree = BUILT_PRODUCTS_DIR; };
		A9B9C9561C380082000C8959 /* Info.plist */ = {isa = PBXFileReference; lastKnownFileType = text.plist.xml; path = Info.plist; sourceTree = "<group>"; };
		A9B9C9571C380082000C8959 /* FinanceApplicationTests.swift */ = {isa = PBXFileReference; lastKnownFileType = sourcecode.swift; path = FinanceApplicationTests.swift; sourceTree = "<group>"; };
		A9B9CAD91C380559000C8959 /* FinanceApplication-Bridging-Header.h */ = {isa = PBXFileReference; lastKnownFileType = sourcecode.c.h; path = "FinanceApplication-Bridging-Header.h"; sourceTree = "<group>"; };
		A9B9CADA1C380559000C8959 /* AppDelegate.swift */ = {isa = PBXFileReference; fileEncoding = 4; lastKnownFileType = sourcecode.swift; path = AppDelegate.swift; sourceTree = "<group>"; };
		A9B9CADB1C380559000C8959 /* AViewController.swift */ = {isa = PBXFileReference; fileEncoding = 4; lastKnownFileType = sourcecode.swift; path = AViewController.swift; sourceTree = "<group>"; };
		A9B9CADE1C380559000C8959 /* DataRemoteFacade.swift */ = {isa = PBXFileReference; fileEncoding = 4; lastKnownFileType = sourcecode.swift; path = DataRemoteFacade.swift; sourceTree = "<group>"; };
		A9B9CAE01C380559000C8959 /* MyTabItemRenderer.swift */ = {isa = PBXFileReference; fileEncoding = 4; lastKnownFileType = sourcecode.swift; path = MyTabItemRenderer.swift; sourceTree = "<group>"; };
		A9B9CAE21C380559000C8959 /* RootViewController.swift */ = {isa = PBXFileReference; fileEncoding = 4; lastKnownFileType = sourcecode.swift; path = RootViewController.swift; sourceTree = "<group>"; };
		A9B9CAEC1C380585000C8959 /* DetailsDayValueRateView.swift */ = {isa = PBXFileReference; fileEncoding = 4; lastKnownFileType = sourcecode.swift; path = DetailsDayValueRateView.swift; sourceTree = "<group>"; };
		A9B9CAED1C380585000C8959 /* DetailsNetValueEstimateView.swift */ = {isa = PBXFileReference; fileEncoding = 4; lastKnownFileType = sourcecode.swift; path = DetailsNetValueEstimateView.swift; sourceTree = "<group>"; };
		A9B9CAEE1C380585000C8959 /* DetailsNetValueRateView.swift */ = {isa = PBXFileReference; fileEncoding = 4; lastKnownFileType = sourcecode.swift; path = DetailsNetValueRateView.swift; sourceTree = "<group>"; };
		A9B9CAEF1C380585000C8959 /* DetailsNoticeView.swift */ = {isa = PBXFileReference; fileEncoding = 4; lastKnownFileType = sourcecode.swift; path = DetailsNoticeView.swift; sourceTree = "<group>"; };
		A9B9CAF01C380585000C8959 /* DetailsPageChartCell.swift */ = {isa = PBXFileReference; fileEncoding = 4; lastKnownFileType = sourcecode.swift; path = DetailsPageChartCell.swift; sourceTree = "<group>"; };
		A9B9CAF11C380585000C8959 /* DetailsPageChartSection.swift */ = {isa = PBXFileReference; fileEncoding = 4; lastKnownFileType = sourcecode.swift; path = DetailsPageChartSection.swift; sourceTree = "<group>"; };
		A9B9CAF21C380585000C8959 /* DetailsPageController.swift */ = {isa = PBXFileReference; fileEncoding = 4; lastKnownFileType = sourcecode.swift; path = DetailsPageController.swift; sourceTree = "<group>"; };
		A9B9CAF31C380585000C8959 /* DetailsPageInfoCell.swift */ = {isa = PBXFileReference; fileEncoding = 4; lastKnownFileType = sourcecode.swift; path = DetailsPageInfoCell.swift; sourceTree = "<group>"; };
		A9B9CAF41C380585000C8959 /* DetailsPageMultipleCell.swift */ = {isa = PBXFileReference; fileEncoding = 4; lastKnownFileType = sourcecode.swift; path = DetailsPageMultipleCell.swift; sourceTree = "<group>"; };
		A9B9CAF51C380585000C8959 /* DetailsPageMultipleSection.swift */ = {isa = PBXFileReference; fileEncoding = 4; lastKnownFileType = sourcecode.swift; path = DetailsPageMultipleSection.swift; sourceTree = "<group>"; };
		A9B9CAF61C380585000C8959 /* DetailsStockView.swift */ = {isa = PBXFileReference; fileEncoding = 4; lastKnownFileType = sourcecode.swift; path = DetailsStockView.swift; sourceTree = "<group>"; };
		A9B9CAF71C380585000C8959 /* DetailsSummaryView.swift */ = {isa = PBXFileReference; fileEncoding = 4; lastKnownFileType = sourcecode.swift; path = DetailsSummaryView.swift; sourceTree = "<group>"; };
		A9B9CAF81C380585000C8959 /* DetailsWebPageController.swift */ = {isa = PBXFileReference; fileEncoding = 4; lastKnownFileType = sourcecode.swift; path = DetailsWebPageController.swift; sourceTree = "<group>"; };
		A9B9CAFA1C380585000C8959 /* FundPageFilterController.swift */ = {isa = PBXFileReference; fileEncoding = 4; lastKnownFileType = sourcecode.swift; path = FundPageFilterController.swift; sourceTree = "<group>"; };
		A9B9CAFB1C380585000C8959 /* FundPageHomeController.swift */ = {isa = PBXFileReference; fileEncoding = 4; lastKnownFileType = sourcecode.swift; path = FundPageHomeController.swift; sourceTree = "<group>"; };
		A9B9CAFC1C380585000C8959 /* FundPageHomeHotCell.swift */ = {isa = PBXFileReference; fileEncoding = 4; lastKnownFileType = sourcecode.swift; path = FundPageHomeHotCell.swift; sourceTree = "<group>"; };
		A9B9CAFD1C380585000C8959 /* FundPageHomeInfoCell.swift */ = {isa = PBXFileReference; fileEncoding = 4; lastKnownFileType = sourcecode.swift; path = FundPageHomeInfoCell.swift; sourceTree = "<group>"; };
		A9B9CAFE1C380585000C8959 /* FundPageKindController.swift */ = {isa = PBXFileReference; fileEncoding = 4; lastKnownFileType = sourcecode.swift; path = FundPageKindController.swift; sourceTree = "<group>"; };
		A9B9CB001C380585000C8959 /* HomePageBannerCell.swift */ = {isa = PBXFileReference; fileEncoding = 4; lastKnownFileType = sourcecode.swift; path = HomePageBannerCell.swift; sourceTree = "<group>"; };
		A9B9CB011C380585000C8959 /* HomePageController.swift */ = {isa = PBXFileReference; fileEncoding = 4; lastKnownFileType = sourcecode.swift; path = HomePageController.swift; sourceTree = "<group>"; };
		A9B9CB021C380585000C8959 /* HomePageFooterCell.swift */ = {isa = PBXFileReference; fileEncoding = 4; lastKnownFileType = sourcecode.swift; path = HomePageFooterCell.swift; sourceTree = "<group>"; };
		A9B9CB031C380585000C8959 /* HomePageHotHeader.swift */ = {isa = PBXFileReference; fileEncoding = 4; lastKnownFileType = sourcecode.swift; path = HomePageHotHeader.swift; sourceTree = "<group>"; };
		A9B9CB041C380585000C8959 /* HomePageHotItemCell.swift */ = {isa = PBXFileReference; fileEncoding = 4; lastKnownFileType = sourcecode.swift; path = HomePageHotItemCell.swift; sourceTree = "<group>"; };
		A9B9CB051C380585000C8959 /* HomePageNavigationControl.swift */ = {isa = PBXFileReference; fileEncoding = 4; lastKnownFileType = sourcecode.swift; path = HomePageNavigationControl.swift; sourceTree = "<group>"; };
		A9B9CB061C380585000C8959 /* HomePageScanController.swift */ = {isa = PBXFileReference; fileEncoding = 4; lastKnownFileType = sourcecode.swift; path = HomePageScanController.swift; sourceTree = "<group>"; };
		A9B9CB071C380585000C8959 /* HomePageSearchBarHeader.swift */ = {isa = PBXFileReference; fileEncoding = 4; lastKnownFileType = sourcecode.swift; path = HomePageSearchBarHeader.swift; sourceTree = "<group>"; };
		A9B9CB761C380585000C8959 /* SearchResultsTableViewController.swift */ = {isa = PBXFileReference; fileEncoding = 4; lastKnownFileType = sourcecode.swift; path = SearchResultsTableViewController.swift; sourceTree = "<group>"; };
		A9B9CB771C380585000C8959 /* SearchViewController.swift */ = {isa = PBXFileReference; fileEncoding = 4; lastKnownFileType = sourcecode.swift; path = SearchViewController.swift; sourceTree = "<group>"; };
		A9B9CB7A1C380585000C8959 /* banner.jpg */ = {isa = PBXFileReference; lastKnownFileType = image.jpeg; path = banner.jpg; sourceTree = "<group>"; };
		A9B9CB7C1C380585000C8959 /* empty.png */ = {isa = PBXFileReference; lastKnownFileType = image.png; path = empty.png; sourceTree = "<group>"; };
		A9B9CB7F1C380585000C8959 /* fundHot01.png */ = {isa = PBXFileReference; lastKnownFileType = image.png; path = fundHot01.png; sourceTree = "<group>"; };
		A9B9CB801C380585000C8959 /* fundHot02.png */ = {isa = PBXFileReference; lastKnownFileType = image.png; path = fundHot02.png; sourceTree = "<group>"; };
		A9B9CB811C380585000C8959 /* fundHot03.png */ = {isa = PBXFileReference; lastKnownFileType = image.png; path = fundHot03.png; sourceTree = "<group>"; };
		A9B9CB821C380585000C8959 /* fundHot04.png */ = {isa = PBXFileReference; lastKnownFileType = image.png; path = fundHot04.png; sourceTree = "<group>"; };
		A9B9CB831C380585000C8959 /* fundHot05.png */ = {isa = PBXFileReference; lastKnownFileType = image.png; path = fundHot05.png; sourceTree = "<group>"; };
		A9B9CB841C380585000C8959 /* fundHot06.png */ = {isa = PBXFileReference; lastKnownFileType = image.png; path = fundHot06.png; sourceTree = "<group>"; };
		A9B9CB851C380585000C8959 /* fundHot07.png */ = {isa = PBXFileReference; lastKnownFileType = image.png; path = fundHot07.png; sourceTree = "<group>"; };
		A9B9CB861C380585000C8959 /* fundHot08.png */ = {isa = PBXFileReference; lastKnownFileType = image.png; path = fundHot08.png; sourceTree = "<group>"; };
		A9B9CB871C380585000C8959 /* fundHot09.png */ = {isa = PBXFileReference; lastKnownFileType = image.png; path = fundHot09.png; sourceTree = "<group>"; };
		A9B9CB881C380585000C8959 /* fundHot10.png */ = {isa = PBXFileReference; lastKnownFileType = image.png; path = fundHot10.png; sourceTree = "<group>"; };
		A9B9CB891C380585000C8959 /* fundHot11.png */ = {isa = PBXFileReference; lastKnownFileType = image.png; path = fundHot11.png; sourceTree = "<group>"; };
		A9B9CB8A1C380585000C8959 /* fundHot12.png */ = {isa = PBXFileReference; lastKnownFileType = image.png; path = fundHot12.png; sourceTree = "<group>"; };
		A9B9CB9A1C380585000C8959 /* qrcode_scan_part_net.png */ = {isa = PBXFileReference; lastKnownFileType = image.png; path = qrcode_scan_part_net.png; sourceTree = "<group>"; };
/* End PBXFileReference section */

/* Begin PBXFrameworksBuildPhase section */
		A9B9C9391C380082000C8959 /* Frameworks */ = {
			isa = PBXFrameworksBuildPhase;
			buildActionMask = 2147483647;
			files = (
				8415DE1E1D58269B0046E456 /* CoreLibrary.framework in Frameworks */,
			);
			runOnlyForDeploymentPostprocessing = 0;
		};
		A9B9C94E1C380082000C8959 /* Frameworks */ = {
			isa = PBXFrameworksBuildPhase;
			buildActionMask = 2147483647;
			files = (
			);
			runOnlyForDeploymentPostprocessing = 0;
		};
/* End PBXFrameworksBuildPhase section */

/* Begin PBXGroup section */
		8415DE191D5826900046E456 /* Products */ = {
			isa = PBXGroup;
			children = (
				8415DE1D1D5826900046E456 /* CoreLibrary.framework */,
			);
			name = Products;
			sourceTree = "<group>";
		};
		8489888D1F05F2570020BB24 /* iconfont */ = {
			isa = PBXGroup;
			children = (
				8489888E1F05F2570020BB24 /* demo_unicode.html */,
				8489888F1F05F2570020BB24 /* iconfont.ttf */,
			);
			path = iconfont;
			sourceTree = "<group>";
		};
		848988921F05F2FB0020BB24 /* Config */ = {
			isa = PBXGroup;
			children = (
				848988931F05F3290020BB24 /* UIConfig.swift */,
			);
			path = Config;
			sourceTree = "<group>";
		};
		A9B9C9331C380082000C8959 = {
			isa = PBXGroup;
			children = (
				A9B9C93E1C380082000C8959 /* FinanceApplication */,
				A9B9C9541C380082000C8959 /* FinanceApplicationTests */,
				A9B9C93D1C380082000C8959 /* Products */,
				8415DE181D5826900046E456 /* CoreLibrary.xcodeproj */,
			);
			sourceTree = "<group>";
		};
		A9B9C93D1C380082000C8959 /* Products */ = {
			isa = PBXGroup;
			children = (
				A9B9C93C1C380082000C8959 /* FinanceApplication.app */,
				A9B9C9511C380082000C8959 /* FinanceApplicationTests.xctest */,
			);
			name = Products;
			sourceTree = "<group>";
		};
		A9B9C93E1C380082000C8959 /* FinanceApplication */ = {
			isa = PBXGroup;
			children = (
				848988921F05F2FB0020BB24 /* Config */,
				A9B9CAEB1C380585000C8959 /* DetailsPage */,
				A9B9CAF91C380585000C8959 /* FundPage */,
				A9B9CAFF1C380585000C8959 /* HomePage */,
				A9B9CB751C380585000C8959 /* SearchPage */,
				A9B9CB781C380585000C8959 /* sourcelibs */,
				A9B9CADA1C380559000C8959 /* AppDelegate.swift */,
				A9B9CADB1C380559000C8959 /* AViewController.swift */,
				A9B9CADE1C380559000C8959 /* DataRemoteFacade.swift */,
				A9B9CAE01C380559000C8959 /* MyTabItemRenderer.swift */,
				A9B9CAE21C380559000C8959 /* RootViewController.swift */,
				A9B9C9481C380082000C8959 /* Images.xcassets */,
				A9B9C94A1C380082000C8959 /* LaunchScreen.xib */,
				A9B9C93F1C380082000C8959 /* Supporting Files */,
				A9B9CAD91C380559000C8959 /* FinanceApplication-Bridging-Header.h */,
			);
			path = FinanceApplication;
			sourceTree = "<group>";
		};
		A9B9C93F1C380082000C8959 /* Supporting Files */ = {
			isa = PBXGroup;
			children = (
				A9B9C9401C380082000C8959 /* Info.plist */,
			);
			name = "Supporting Files";
			sourceTree = "<group>";
		};
		A9B9C9541C380082000C8959 /* FinanceApplicationTests */ = {
			isa = PBXGroup;
			children = (
				A9B9C9571C380082000C8959 /* FinanceApplicationTests.swift */,
				A9B9C9551C380082000C8959 /* Supporting Files */,
			);
			path = FinanceApplicationTests;
			sourceTree = "<group>";
		};
		A9B9C9551C380082000C8959 /* Supporting Files */ = {
			isa = PBXGroup;
			children = (
				A9B9C9561C380082000C8959 /* Info.plist */,
			);
			name = "Supporting Files";
			sourceTree = "<group>";
		};
		A9B9CAEB1C380585000C8959 /* DetailsPage */ = {
			isa = PBXGroup;
			children = (
				A9B9CAEC1C380585000C8959 /* DetailsDayValueRateView.swift */,
				A9B9CAED1C380585000C8959 /* DetailsNetValueEstimateView.swift */,
				A9B9CAEE1C380585000C8959 /* DetailsNetValueRateView.swift */,
				A9B9CAEF1C380585000C8959 /* DetailsNoticeView.swift */,
				A9B9CAF01C380585000C8959 /* DetailsPageChartCell.swift */,
				A9B9CAF11C380585000C8959 /* DetailsPageChartSection.swift */,
				A9B9CAF21C380585000C8959 /* DetailsPageController.swift */,
				A9B9CAF31C380585000C8959 /* DetailsPageInfoCell.swift */,
				A9B9CAF41C380585000C8959 /* DetailsPageMultipleCell.swift */,
				A9B9CAF51C380585000C8959 /* DetailsPageMultipleSection.swift */,
				A9B9CAF61C380585000C8959 /* DetailsStockView.swift */,
				A9B9CAF71C380585000C8959 /* DetailsSummaryView.swift */,
				A9B9CAF81C380585000C8959 /* DetailsWebPageController.swift */,
			);
			path = DetailsPage;
			sourceTree = "<group>";
		};
		A9B9CAF91C380585000C8959 /* FundPage */ = {
			isa = PBXGroup;
			children = (
				A9B9CAFA1C380585000C8959 /* FundPageFilterController.swift */,
				A9B9CAFB1C380585000C8959 /* FundPageHomeController.swift */,
				A9B9CAFC1C380585000C8959 /* FundPageHomeHotCell.swift */,
				A9B9CAFD1C380585000C8959 /* FundPageHomeInfoCell.swift */,
				A9B9CAFE1C380585000C8959 /* FundPageKindController.swift */,
			);
			path = FundPage;
			sourceTree = "<group>";
		};
		A9B9CAFF1C380585000C8959 /* HomePage */ = {
			isa = PBXGroup;
			children = (
				A9B9CB001C380585000C8959 /* HomePageBannerCell.swift */,
				A9B9CB011C380585000C8959 /* HomePageController.swift */,
				A9B9CB021C380585000C8959 /* HomePageFooterCell.swift */,
				A9B9CB031C380585000C8959 /* HomePageHotHeader.swift */,
				A9B9CB041C380585000C8959 /* HomePageHotItemCell.swift */,
				A9B9CB051C380585000C8959 /* HomePageNavigationControl.swift */,
				A9B9CB061C380585000C8959 /* HomePageScanController.swift */,
				A9B9CB071C380585000C8959 /* HomePageSearchBarHeader.swift */,
			);
			path = HomePage;
			sourceTree = "<group>";
		};
		A9B9CB751C380585000C8959 /* SearchPage */ = {
			isa = PBXGroup;
			children = (
				A9B9CB761C380585000C8959 /* SearchResultsTableViewController.swift */,
				A9B9CB771C380585000C8959 /* SearchViewController.swift */,
			);
			path = SearchPage;
			sourceTree = "<group>";
		};
		A9B9CB781C380585000C8959 /* sourcelibs */ = {
			isa = PBXGroup;
			children = (
				8489888D1F05F2570020BB24 /* iconfont */,
				A9B9CB7A1C380585000C8959 /* banner.jpg */,
				A9B9CB7C1C380585000C8959 /* empty.png */,
				A9B9CB7E1C380585000C8959 /* fundHotIcon */,
				A9B9CB9A1C380585000C8959 /* qrcode_scan_part_net.png */,
			);
			path = sourcelibs;
			sourceTree = "<group>";
		};
		A9B9CB7E1C380585000C8959 /* fundHotIcon */ = {
			isa = PBXGroup;
			children = (
				A9B9CB7F1C380585000C8959 /* fundHot01.png */,
				A9B9CB801C380585000C8959 /* fundHot02.png */,
				A9B9CB811C380585000C8959 /* fundHot03.png */,
				A9B9CB821C380585000C8959 /* fundHot04.png */,
				A9B9CB831C380585000C8959 /* fundHot05.png */,
				A9B9CB841C380585000C8959 /* fundHot06.png */,
				A9B9CB851C380585000C8959 /* fundHot07.png */,
				A9B9CB861C380585000C8959 /* fundHot08.png */,
				A9B9CB871C380585000C8959 /* fundHot09.png */,
				A9B9CB881C380585000C8959 /* fundHot10.png */,
				A9B9CB891C380585000C8959 /* fundHot11.png */,
				A9B9CB8A1C380585000C8959 /* fundHot12.png */,
			);
			path = fundHotIcon;
			sourceTree = "<group>";
		};
/* End PBXGroup section */

/* Begin PBXNativeTarget section */
		A9B9C93B1C380082000C8959 /* FinanceApplication */ = {
			isa = PBXNativeTarget;
			buildConfigurationList = A9B9C95B1C380082000C8959 /* Build configuration list for PBXNativeTarget "FinanceApplication" */;
			buildPhases = (
				A9B9C9381C380082000C8959 /* Sources */,
				A9B9C9391C380082000C8959 /* Frameworks */,
				A9B9C93A1C380082000C8959 /* Resources */,
				840F4B161D5477990017D318 /* Embed Frameworks */,
				8415DE221D58269B0046E456 /* Embed Frameworks */,
			);
			buildRules = (
			);
			dependencies = (
				8415DE211D58269B0046E456 /* PBXTargetDependency */,
			);
			name = FinanceApplication;
			productName = FinanceApplication;
			productReference = A9B9C93C1C380082000C8959 /* FinanceApplication.app */;
			productType = "com.apple.product-type.application";
		};
		A9B9C9501C380082000C8959 /* FinanceApplicationTests */ = {
			isa = PBXNativeTarget;
			buildConfigurationList = A9B9C95E1C380082000C8959 /* Build configuration list for PBXNativeTarget "FinanceApplicationTests" */;
			buildPhases = (
				A9B9C94D1C380082000C8959 /* Sources */,
				A9B9C94E1C380082000C8959 /* Frameworks */,
				A9B9C94F1C380082000C8959 /* Resources */,
			);
			buildRules = (
			);
			dependencies = (
				A9B9C9531C380082000C8959 /* PBXTargetDependency */,
			);
			name = FinanceApplicationTests;
			productName = FinanceApplicationTests;
			productReference = A9B9C9511C380082000C8959 /* FinanceApplicationTests.xctest */;
			productType = "com.apple.product-type.bundle.unit-test";
		};
/* End PBXNativeTarget section */

/* Begin PBXProject section */
		A9B9C9341C380082000C8959 /* Project object */ = {
			isa = PBXProject;
			attributes = {
				LastSwiftMigration = 0710;
				LastSwiftUpdateCheck = 0710;
				LastUpgradeCheck = 0710;
				ORGANIZATIONNAME = "高扬";
				TargetAttributes = {
					A9B9C93B1C380082000C8959 = {
						CreatedOnToolsVersion = 6.4;
						DevelopmentTeam = GDF5YE97RF;
					};
					A9B9C9501C380082000C8959 = {
						CreatedOnToolsVersion = 6.4;
						TestTargetID = A9B9C93B1C380082000C8959;
					};
				};
			};
			buildConfigurationList = A9B9C9371C380082000C8959 /* Build configuration list for PBXProject "FinanceApplication" */;
			compatibilityVersion = "Xcode 3.2";
			developmentRegion = English;
			hasScannedForEncodings = 0;
			knownRegions = (
				en,
				Base,
			);
			mainGroup = A9B9C9331C380082000C8959;
			productRefGroup = A9B9C93D1C380082000C8959 /* Products */;
			projectDirPath = "";
			projectReferences = (
				{
					ProductGroup = 8415DE191D5826900046E456 /* Products */;
					ProjectRef = 8415DE181D5826900046E456 /* CoreLibrary.xcodeproj */;
				},
			);
			projectRoot = "";
			targets = (
				A9B9C93B1C380082000C8959 /* FinanceApplication */,
				A9B9C9501C380082000C8959 /* FinanceApplicationTests */,
			);
		};
/* End PBXProject section */

/* Begin PBXReferenceProxy section */
		8415DE1D1D5826900046E456 /* CoreLibrary.framework */ = {
			isa = PBXReferenceProxy;
			fileType = wrapper.framework;
			path = CoreLibrary.framework;
			remoteRef = 8415DE1C1D5826900046E456 /* PBXContainerItemProxy */;
			sourceTree = BUILT_PRODUCTS_DIR;
		};
/* End PBXReferenceProxy section */

/* Begin PBXResourcesBuildPhase section */
		A9B9C93A1C380082000C8959 /* Resources */ = {
			isa = PBXResourcesBuildPhase;
			buildActionMask = 2147483647;
			files = (
				A9B9CC261C380585000C8959 /* fundHot06.png in Resources */,
				A9B9CC2C1C380585000C8959 /* fundHot12.png in Resources */,
				A9B9CC1F1C380585000C8959 /* empty.png in Resources */,
				A9B9CC221C380585000C8959 /* fundHot02.png in Resources */,
				A9B9CC2A1C380585000C8959 /* fundHot10.png in Resources */,
				848988901F05F2570020BB24 /* demo_unicode.html in Resources */,
				A9B9CC3B1C380585000C8959 /* qrcode_scan_part_net.png in Resources */,
				A9B9CC231C380585000C8959 /* fundHot03.png in Resources */,
				A9B9CC251C380585000C8959 /* fundHot05.png in Resources */,
				A9B9CC211C380585000C8959 /* fundHot01.png in Resources */,
				A9B9C94C1C380082000C8959 /* LaunchScreen.xib in Resources */,
				A9B9C9491C380082000C8959 /* Images.xcassets in Resources */,
				848988911F05F2570020BB24 /* iconfont.ttf in Resources */,
				A9B9CC241C380585000C8959 /* fundHot04.png in Resources */,
				A9B9CC291C380585000C8959 /* fundHot09.png in Resources */,
				A9B9CC1D1C380585000C8959 /* banner.jpg in Resources */,
				A9B9CC281C380585000C8959 /* fundHot08.png in Resources */,
				A9B9CC2B1C380585000C8959 /* fundHot11.png in Resources */,
				A9B9CC271C380585000C8959 /* fundHot07.png in Resources */,
			);
			runOnlyForDeploymentPostprocessing = 0;
		};
		A9B9C94F1C380082000C8959 /* Resources */ = {
			isa = PBXResourcesBuildPhase;
			buildActionMask = 2147483647;
			files = (
			);
			runOnlyForDeploymentPostprocessing = 0;
		};
/* End PBXResourcesBuildPhase section */

/* Begin PBXSourcesBuildPhase section */
		A9B9C9381C380082000C8959 /* Sources */ = {
			isa = PBXSourcesBuildPhase;
			buildActionMask = 2147483647;
			files = (
				A9B9CBC31C380585000C8959 /* FundPageHomeController.swift in Sources */,
				A9B9CBB51C380585000C8959 /* DetailsDayValueRateView.swift in Sources */,
				A9B9CBB71C380585000C8959 /* DetailsNetValueRateView.swift in Sources */,
				A9B9CBB91C380585000C8959 /* DetailsPageChartCell.swift in Sources */,
				A9B9CC1B1C380585000C8959 /* SearchViewController.swift in Sources */,
				A9B9CBBB1C380585000C8959 /* DetailsPageController.swift in Sources */,
				A9B9CBCD1C380585000C8959 /* HomePageScanController.swift in Sources */,
				A9B9CAE41C380559000C8959 /* AViewController.swift in Sources */,
				A9B9CBC81C380585000C8959 /* HomePageController.swift in Sources */,
				A9B9CBBD1C380585000C8959 /* DetailsPageMultipleCell.swift in Sources */,
				A9B9CBCB1C380585000C8959 /* HomePageHotItemCell.swift in Sources */,
				A9B9CBC21C380585000C8959 /* FundPageFilterController.swift in Sources */,
				A9B9CBBF1C380585000C8959 /* DetailsStockView.swift in Sources */,
				A9B9CBC71C380585000C8959 /* HomePageBannerCell.swift in Sources */,
				A9B9CBCA1C380585000C8959 /* HomePageHotHeader.swift in Sources */,
				A9B9CBC61C380585000C8959 /* FundPageKindController.swift in Sources */,
				A9B9CAEA1C380559000C8959 /* RootViewController.swift in Sources */,
				A9B9CBBE1C380585000C8959 /* DetailsPageMultipleSection.swift in Sources */,
				A9B9CBCC1C380585000C8959 /* HomePageNavigationControl.swift in Sources */,
				A9B9CBB61C380585000C8959 /* DetailsNetValueEstimateView.swift in Sources */,
				A9B9CAE81C380559000C8959 /* MyTabItemRenderer.swift in Sources */,
				A9B9CBB81C380585000C8959 /* DetailsNoticeView.swift in Sources */,
				A9B9CAE31C380559000C8959 /* AppDelegate.swift in Sources */,
				A9B9CBC91C380585000C8959 /* HomePageFooterCell.swift in Sources */,
				A9B9CC1A1C380585000C8959 /* SearchResultsTableViewController.swift in Sources */,
				A9B9CAE61C380559000C8959 /* DataRemoteFacade.swift in Sources */,
				A9B9CBBA1C380585000C8959 /* DetailsPageChartSection.swift in Sources */,
				A9B9CBC01C380585000C8959 /* DetailsSummaryView.swift in Sources */,
				A9B9CBC51C380585000C8959 /* FundPageHomeInfoCell.swift in Sources */,
				A9B9CBC11C380585000C8959 /* DetailsWebPageController.swift in Sources */,
				A9B9CBBC1C380585000C8959 /* DetailsPageInfoCell.swift in Sources */,
				A9B9CBC41C380585000C8959 /* FundPageHomeHotCell.swift in Sources */,
				A9B9CBCE1C380585000C8959 /* HomePageSearchBarHeader.swift in Sources */,
				848988941F05F3290020BB24 /* UIConfig.swift in Sources */,
			);
			runOnlyForDeploymentPostprocessing = 0;
		};
		A9B9C94D1C380082000C8959 /* Sources */ = {
			isa = PBXSourcesBuildPhase;
			buildActionMask = 2147483647;
			files = (
				A9B9C9581C380082000C8959 /* FinanceApplicationTests.swift in Sources */,
			);
			runOnlyForDeploymentPostprocessing = 0;
		};
/* End PBXSourcesBuildPhase section */

/* Begin PBXTargetDependency section */
		8415DE211D58269B0046E456 /* PBXTargetDependency */ = {
			isa = PBXTargetDependency;
			name = CoreLibrary;
			targetProxy = 8415DE201D58269B0046E456 /* PBXContainerItemProxy */;
		};
		A9B9C9531C380082000C8959 /* PBXTargetDependency */ = {
			isa = PBXTargetDependency;
			target = A9B9C93B1C380082000C8959 /* FinanceApplication */;
			targetProxy = A9B9C9521C380082000C8959 /* PBXContainerItemProxy */;
		};
/* End PBXTargetDependency section */

/* Begin PBXVariantGroup section */
		A9B9C94A1C380082000C8959 /* LaunchScreen.xib */ = {
			isa = PBXVariantGroup;
			children = (
				A9B9C94B1C380082000C8959 /* Base */,
			);
			name = LaunchScreen.xib;
			sourceTree = "<group>";
		};
/* End PBXVariantGroup section */

/* Begin XCBuildConfiguration section */
		A9B9C9591C380082000C8959 /* Debug */ = {
			isa = XCBuildConfiguration;
			buildSettings = {
				ALWAYS_SEARCH_USER_PATHS = NO;
				CLANG_CXX_LANGUAGE_STANDARD = "gnu++0x";
				CLANG_CXX_LIBRARY = "libc++";
				CLANG_ENABLE_MODULES = YES;
				CLANG_ENABLE_OBJC_ARC = YES;
				CLANG_WARN_BOOL_CONVERSION = YES;
				CLANG_WARN_CONSTANT_CONVERSION = YES;
				CLANG_WARN_DIRECT_OBJC_ISA_USAGE = YES_ERROR;
				CLANG_WARN_EMPTY_BODY = YES;
				CLANG_WARN_ENUM_CONVERSION = YES;
				CLANG_WARN_INT_CONVERSION = YES;
				CLANG_WARN_OBJC_ROOT_CLASS = YES_ERROR;
				CLANG_WARN_UNREACHABLE_CODE = YES;
				CLANG_WARN__DUPLICATE_METHOD_MATCH = YES;
				"CODE_SIGN_IDENTITY[sdk=iphoneos*]" = "iPhone Developer";
				COPY_PHASE_STRIP = NO;
				DEBUG_INFORMATION_FORMAT = "dwarf-with-dsym";
				ENABLE_STRICT_OBJC_MSGSEND = YES;
				ENABLE_TESTABILITY = YES;
				GCC_C_LANGUAGE_STANDARD = gnu99;
				GCC_DYNAMIC_NO_PIC = NO;
				GCC_NO_COMMON_BLOCKS = YES;
				GCC_OPTIMIZATION_LEVEL = 0;
				GCC_PREPROCESSOR_DEFINITIONS = (
					"DEBUG=1",
					"$(inherited)",
				);
				GCC_SYMBOLS_PRIVATE_EXTERN = NO;
				GCC_WARN_64_TO_32_BIT_CONVERSION = YES;
				GCC_WARN_ABOUT_RETURN_TYPE = YES_ERROR;
				GCC_WARN_UNDECLARED_SELECTOR = YES;
				GCC_WARN_UNINITIALIZED_AUTOS = YES_AGGRESSIVE;
				GCC_WARN_UNUSED_FUNCTION = YES;
				GCC_WARN_UNUSED_VARIABLE = YES;
				IPHONEOS_DEPLOYMENT_TARGET = 8.0;
				MTL_ENABLE_DEBUG_INFO = YES;
				ONLY_ACTIVE_ARCH = YES;
				SDKROOT = iphoneos;
				SWIFT_OPTIMIZATION_LEVEL = "-Onone";
			};
			name = Debug;
		};
		A9B9C95A1C380082000C8959 /* Release */ = {
			isa = XCBuildConfiguration;
			buildSettings = {
				ALWAYS_SEARCH_USER_PATHS = NO;
				CLANG_CXX_LANGUAGE_STANDARD = "gnu++0x";
				CLANG_CXX_LIBRARY = "libc++";
				CLANG_ENABLE_MODULES = YES;
				CLANG_ENABLE_OBJC_ARC = YES;
				CLANG_WARN_BOOL_CONVERSION = YES;
				CLANG_WARN_CONSTANT_CONVERSION = YES;
				CLANG_WARN_DIRECT_OBJC_ISA_USAGE = YES_ERROR;
				CLANG_WARN_EMPTY_BODY = YES;
				CLANG_WARN_ENUM_CONVERSION = YES;
				CLANG_WARN_INT_CONVERSION = YES;
				CLANG_WARN_OBJC_ROOT_CLASS = YES_ERROR;
				CLANG_WARN_UNREACHABLE_CODE = YES;
				CLANG_WARN__DUPLICATE_METHOD_MATCH = YES;
				"CODE_SIGN_IDENTITY[sdk=iphoneos*]" = "iPhone Developer";
				COPY_PHASE_STRIP = NO;
				DEBUG_INFORMATION_FORMAT = "dwarf-with-dsym";
				ENABLE_NS_ASSERTIONS = NO;
				ENABLE_STRICT_OBJC_MSGSEND = YES;
				GCC_C_LANGUAGE_STANDARD = gnu99;
				GCC_NO_COMMON_BLOCKS = YES;
				GCC_WARN_64_TO_32_BIT_CONVERSION = YES;
				GCC_WARN_ABOUT_RETURN_TYPE = YES_ERROR;
				GCC_WARN_UNDECLARED_SELECTOR = YES;
				GCC_WARN_UNINITIALIZED_AUTOS = YES_AGGRESSIVE;
				GCC_WARN_UNUSED_FUNCTION = YES;
				GCC_WARN_UNUSED_VARIABLE = YES;
				IPHONEOS_DEPLOYMENT_TARGET = 8.0;
				MTL_ENABLE_DEBUG_INFO = NO;
				SDKROOT = iphoneos;
				VALIDATE_PRODUCT = YES;
			};
			name = Release;
		};
		A9B9C95C1C380082000C8959 /* Debug */ = {
			isa = XCBuildConfiguration;
			buildSettings = {
				ASSETCATALOG_COMPILER_APPICON_NAME = AppIcon;
				CLANG_ENABLE_MODULES = YES;
				CODE_SIGN_IDENTITY = "iPhone Developer";
				EMBEDDED_CONTENT_CONTAINS_SWIFT = YES;
				INFOPLIST_FILE = FinanceApplication/Info.plist;
				LD_RUNPATH_SEARCH_PATHS = "$(inherited) @executable_path/Frameworks";
				PRODUCT_BUNDLE_IDENTIFIER = "com.swift.$(PRODUCT_NAME:rfc1034identifier)";
				PRODUCT_NAME = "$(TARGET_NAME)";
				SWIFT_OBJC_BRIDGING_HEADER = "FinanceApplication/FinanceApplication-Bridging-Header.h";
				SWIFT_OPTIMIZATION_LEVEL = "-Onone";
			};
			name = Debug;
		};
		A9B9C95D1C380082000C8959 /* Release */ = {
			isa = XCBuildConfiguration;
			buildSettings = {
				ASSETCATALOG_COMPILER_APPICON_NAME = AppIcon;
				CLANG_ENABLE_MODULES = YES;
				CODE_SIGN_IDENTITY = "iPhone Developer";
				EMBEDDED_CONTENT_CONTAINS_SWIFT = YES;
				INFOPLIST_FILE = FinanceApplication/Info.plist;
				LD_RUNPATH_SEARCH_PATHS = "$(inherited) @executable_path/Frameworks";
				PRODUCT_BUNDLE_IDENTIFIER = "com.swift.$(PRODUCT_NAME:rfc1034identifier)";
				PRODUCT_NAME = "$(TARGET_NAME)";
				SWIFT_OBJC_BRIDGING_HEADER = "FinanceApplication/FinanceApplication-Bridging-Header.h";
			};
			name = Release;
		};
		A9B9C95F1C380082000C8959 /* Debug */ = {
			isa = XCBuildConfiguration;
			buildSettings = {
				BUNDLE_LOADER = "$(TEST_HOST)";
				FRAMEWORK_SEARCH_PATHS = (
					"$(SDKROOT)/Developer/Library/Frameworks",
					"$(inherited)",
				);
				GCC_PREPROCESSOR_DEFINITIONS = (
					"DEBUG=1",
					"$(inherited)",
				);
				INFOPLIST_FILE = FinanceApplicationTests/Info.plist;
				LD_RUNPATH_SEARCH_PATHS = "$(inherited) @executable_path/Frameworks @loader_path/Frameworks";
				PRODUCT_BUNDLE_IDENTIFIER = "com.swift.$(PRODUCT_NAME:rfc1034identifier)";
				PRODUCT_NAME = "$(TARGET_NAME)";
				TEST_HOST = "$(BUILT_PRODUCTS_DIR)/FinanceApplication.app/FinanceApplication";
			};
			name = Debug;
		};
		A9B9C9601C380082000C8959 /* Release */ = {
			isa = XCBuildConfiguration;
			buildSettings = {
				BUNDLE_LOADER = "$(TEST_HOST)";
				FRAMEWORK_SEARCH_PATHS = (
					"$(SDKROOT)/Developer/Library/Frameworks",
					"$(inherited)",
				);
				INFOPLIST_FILE = FinanceApplicationTests/Info.plist;
				LD_RUNPATH_SEARCH_PATHS = "$(inherited) @executable_path/Frameworks @loader_path/Frameworks";
				PRODUCT_BUNDLE_IDENTIFIER = "com.swift.$(PRODUCT_NAME:rfc1034identifier)";
				PRODUCT_NAME = "$(TARGET_NAME)";
				TEST_HOST = "$(BUILT_PRODUCTS_DIR)/FinanceApplication.app/FinanceApplication";
			};
			name = Release;
		};
/* End XCBuildConfiguration section */

/* Begin XCConfigurationList section */
		A9B9C9371C380082000C8959 /* Build configuration list for PBXProject "FinanceApplication" */ = {
			isa = XCConfigurationList;
			buildConfigurations = (
				A9B9C9591C380082000C8959 /* Debug */,
				A9B9C95A1C380082000C8959 /* Release */,
			);
			defaultConfigurationIsVisible = 0;
			defaultConfigurationName = Release;
		};
		A9B9C95B1C380082000C8959 /* Build configuration list for PBXNativeTarget "FinanceApplication" */ = {
			isa = XCConfigurationList;
			buildConfigurations = (
				A9B9C95C1C380082000C8959 /* Debug */,
				A9B9C95D1C380082000C8959 /* Release */,
			);
			defaultConfigurationIsVisible = 0;
			defaultConfigurationName = Release;
		};
		A9B9C95E1C380082000C8959 /* Build configuration list for PBXNativeTarget "FinanceApplicationTests" */ = {
			isa = XCConfigurationList;
			buildConfigurations = (
				A9B9C95F1C380082000C8959 /* Debug */,
				A9B9C9601C380082000C8959 /* Release */,
			);
			defaultConfigurationIsVisible = 0;
			defaultConfigurationName = Release;
		};
/* End XCConfigurationList section */
	};
	rootObject = A9B9C9341C380082000C8959 /* Project object */;
}
