// !$*UTF8*$!
{
	archiveVersion = 1;
	classes = {
	};
	objectVersion = 46;
	objects = {

/* Begin PBXBuildFile section */
		A92F8ECE1C36AAB60079710A /* AppDelegate.swift in Sources */ = {isa = PBXBuildFile; fileRef = A92F8ECD1C36AAB60079710A /* AppDelegate.swift */; };
		A92F8ED11C36AAB60079710A /* FinanceApplication.xcdatamodeld in Sources */ = {isa = PBXBuildFile; fileRef = A92F8ECF1C36AAB60079710A /* FinanceApplication.xcdatamodeld */; };
		A92F8ED31C36AAB60079710A /* ViewController.swift in Sources */ = {isa = PBXBuildFile; fileRef = A92F8ED21C36AAB60079710A /* ViewController.swift */; };
		A92F8ED61C36AAB60079710A /* Main.storyboard in Resources */ = {isa = PBXBuildFile; fileRef = A92F8ED41C36AAB60079710A /* Main.storyboard */; };
		A92F8ED81C36AAB60079710A /* Images.xcassets in Resources */ = {isa = PBXBuildFile; fileRef = A92F8ED71C36AAB60079710A /* Images.xcassets */; };
		A92F8EDB1C36AAB60079710A /* LaunchScreen.xib in Resources */ = {isa = PBXBuildFile; fileRef = A92F8ED91C36AAB60079710A /* LaunchScreen.xib */; };
		A92F8EE71C36AAB60079710A /* FinanceApplicationTests.swift in Sources */ = {isa = PBXBuildFile; fileRef = A92F8EE61C36AAB60079710A /* FinanceApplicationTests.swift */; };
/* End PBXBuildFile section */

/* Begin PBXContainerItemProxy section */
		A92F8EE11C36AAB60079710A /* PBXContainerItemProxy */ = {
			isa = PBXContainerItemProxy;
			containerPortal = A92F8EC01C36AAB60079710A /* Project object */;
			proxyType = 1;
			remoteGlobalIDString = A92F8EC71C36AAB60079710A;
			remoteInfo = FinanceApplication;
		};
/* End PBXContainerItemProxy section */

/* Begin PBXFileReference section */
		A92F8EC81C36AAB60079710A /* FinanceApplication.app */ = {isa = PBXFileReference; explicitFileType = wrapper.application; includeInIndex = 0; path = FinanceApplication.app; sourceTree = BUILT_PRODUCTS_DIR; };
		A92F8ECC1C36AAB60079710A /* Info.plist */ = {isa = PBXFileReference; lastKnownFileType = text.plist.xml; path = Info.plist; sourceTree = "<group>"; };
		A92F8ECD1C36AAB60079710A /* AppDelegate.swift */ = {isa = PBXFileReference; lastKnownFileType = sourcecode.swift; path = AppDelegate.swift; sourceTree = "<group>"; };
		A92F8ED01C36AAB60079710A /* FinanceApplication.xcdatamodel */ = {isa = PBXFileReference; lastKnownFileType = wrapper.xcdatamodel; path = FinanceApplication.xcdatamodel; sourceTree = "<group>"; };
		A92F8ED21C36AAB60079710A /* ViewController.swift */ = {isa = PBXFileReference; lastKnownFileType = sourcecode.swift; path = ViewController.swift; sourceTree = "<group>"; };
		A92F8ED51C36AAB60079710A /* Base */ = {isa = PBXFileReference; lastKnownFileType = file.storyboard; name = Base; path = Base.lproj/Main.storyboard; sourceTree = "<group>"; };
		A92F8ED71C36AAB60079710A /* Images.xcassets */ = {isa = PBXFileReference; lastKnownFileType = folder.assetcatalog; path = Images.xcassets; sourceTree = "<group>"; };
		A92F8EDA1C36AAB60079710A /* Base */ = {isa = PBXFileReference; lastKnownFileType = file.xib; name = Base; path = Base.lproj/LaunchScreen.xib; sourceTree = "<group>"; };
		A92F8EE01C36AAB60079710A /* FinanceApplicationTests.xctest */ = {isa = PBXFileReference; explicitFileType = wrapper.cfbundle; includeInIndex = 0; path = FinanceApplicationTests.xctest; sourceTree = BUILT_PRODUCTS_DIR; };
		A92F8EE51C36AAB60079710A /* Info.plist */ = {isa = PBXFileReference; lastKnownFileType = text.plist.xml; path = Info.plist; sourceTree = "<group>"; };
		A92F8EE61C36AAB60079710A /* FinanceApplicationTests.swift */ = {isa = PBXFileReference; lastKnownFileType = sourcecode.swift; path = FinanceApplicationTests.swift; sourceTree = "<group>"; };
/* End PBXFileReference section */

/* Begin PBXFrameworksBuildPhase section */
		A92F8EC51C36AAB60079710A /* Frameworks */ = {
			isa = PBXFrameworksBuildPhase;
			buildActionMask = 2147483647;
			files = (
			);
			runOnlyForDeploymentPostprocessing = 0;
		};
		A92F8EDD1C36AAB60079710A /* Frameworks */ = {
			isa = PBXFrameworksBuildPhase;
			buildActionMask = 2147483647;
			files = (
			);
			runOnlyForDeploymentPostprocessing = 0;
		};
/* End PBXFrameworksBuildPhase section */

/* Begin PBXGroup section */
		A92F8EBF1C36AAB60079710A = {
			isa = PBXGroup;
			children = (
				A92F8ECA1C36AAB60079710A /* FinanceApplication */,
				A92F8EE31C36AAB60079710A /* FinanceApplicationTests */,
				A92F8EC91C36AAB60079710A /* Products */,
			);
			sourceTree = "<group>";
		};
		A92F8EC91C36AAB60079710A /* Products */ = {
			isa = PBXGroup;
			children = (
				A92F8EC81C36AAB60079710A /* FinanceApplication.app */,
				A92F8EE01C36AAB60079710A /* FinanceApplicationTests.xctest */,
			);
			name = Products;
			sourceTree = "<group>";
		};
		A92F8ECA1C36AAB60079710A /* FinanceApplication */ = {
			isa = PBXGroup;
			children = (
				A92F8ECD1C36AAB60079710A /* AppDelegate.swift */,
				A92F8ED21C36AAB60079710A /* ViewController.swift */,
				A92F8ED41C36AAB60079710A /* Main.storyboard */,
				A92F8ED71C36AAB60079710A /* Images.xcassets */,
				A92F8ED91C36AAB60079710A /* LaunchScreen.xib */,
				A92F8ECF1C36AAB60079710A /* FinanceApplication.xcdatamodeld */,
				A92F8ECB1C36AAB60079710A /* Supporting Files */,
			);
			path = FinanceApplication;
			sourceTree = "<group>";
		};
		A92F8ECB1C36AAB60079710A /* Supporting Files */ = {
			isa = PBXGroup;
			children = (
				A92F8ECC1C36AAB60079710A /* Info.plist */,
			);
			name = "Supporting Files";
			sourceTree = "<group>";
		};
		A92F8EE31C36AAB60079710A /* FinanceApplicationTests */ = {
			isa = PBXGroup;
			children = (
				A92F8EE61C36AAB60079710A /* FinanceApplicationTests.swift */,
				A92F8EE41C36AAB60079710A /* Supporting Files */,
			);
			path = FinanceApplicationTests;
			sourceTree = "<group>";
		};
		A92F8EE41C36AAB60079710A /* Supporting Files */ = {
			isa = PBXGroup;
			children = (
				A92F8EE51C36AAB60079710A /* Info.plist */,
			);
			name = "Supporting Files";
			sourceTree = "<group>";
		};
/* End PBXGroup section */

/* Begin PBXNativeTarget section */
		A92F8EC71C36AAB60079710A /* FinanceApplication */ = {
			isa = PBXNativeTarget;
			buildConfigurationList = A92F8EEA1C36AAB60079710A /* Build configuration list for PBXNativeTarget "FinanceApplication" */;
			buildPhases = (
				A92F8EC41C36AAB60079710A /* Sources */,
				A92F8EC51C36AAB60079710A /* Frameworks */,
				A92F8EC61C36AAB60079710A /* Resources */,
			);
			buildRules = (
			);
			dependencies = (
			);
			name = FinanceApplication;
			productName = FinanceApplication;
			productReference = A92F8EC81C36AAB60079710A /* FinanceApplication.app */;
			productType = "com.apple.product-type.application";
		};
		A92F8EDF1C36AAB60079710A /* FinanceApplicationTests */ = {
			isa = PBXNativeTarget;
			buildConfigurationList = A92F8EED1C36AAB60079710A /* Build configuration list for PBXNativeTarget "FinanceApplicationTests" */;
			buildPhases = (
				A92F8EDC1C36AAB60079710A /* Sources */,
				A92F8EDD1C36AAB60079710A /* Frameworks */,
				A92F8EDE1C36AAB60079710A /* Resources */,
			);
			buildRules = (
			);
			dependencies = (
				A92F8EE21C36AAB60079710A /* PBXTargetDependency */,
			);
			name = FinanceApplicationTests;
			productName = FinanceApplicationTests;
			productReference = A92F8EE01C36AAB60079710A /* FinanceApplicationTests.xctest */;
			productType = "com.apple.product-type.bundle.unit-test";
		};
/* End PBXNativeTarget section */

/* Begin PBXProject section */
		A92F8EC01C36AAB60079710A /* Project object */ = {
			isa = PBXProject;
			attributes = {
				LastUpgradeCheck = 0640;
				ORGANIZATIONNAME = "高扬";
				TargetAttributes = {
					A92F8EC71C36AAB60079710A = {
						CreatedOnToolsVersion = 6.4;
					};
					A92F8EDF1C36AAB60079710A = {
						CreatedOnToolsVersion = 6.4;
						TestTargetID = A92F8EC71C36AAB60079710A;
					};
				};
			};
			buildConfigurationList = A92F8EC31C36AAB60079710A /* Build configuration list for PBXProject "FinanceApplication" */;
			compatibilityVersion = "Xcode 3.2";
			developmentRegion = English;
			hasScannedForEncodings = 0;
			knownRegions = (
				en,
				Base,
			);
			mainGroup = A92F8EBF1C36AAB60079710A;
			productRefGroup = A92F8EC91C36AAB60079710A /* Products */;
			projectDirPath = "";
			projectRoot = "";
			targets = (
				A92F8EC71C36AAB60079710A /* FinanceApplication */,
				A92F8EDF1C36AAB60079710A /* FinanceApplicationTests */,
			);
		};
/* End PBXProject section */

/* Begin PBXResourcesBuildPhase section */
		A92F8EC61C36AAB60079710A /* Resources */ = {
			isa = PBXResourcesBuildPhase;
			buildActionMask = 2147483647;
			files = (
				A92F8ED61C36AAB60079710A /* Main.storyboard in Resources */,
				A92F8EDB1C36AAB60079710A /* LaunchScreen.xib in Resources */,
				A92F8ED81C36AAB60079710A /* Images.xcassets in Resources */,
			);
			runOnlyForDeploymentPostprocessing = 0;
		};
		A92F8EDE1C36AAB60079710A /* Resources */ = {
			isa = PBXResourcesBuildPhase;
			buildActionMask = 2147483647;
			files = (
			);
			runOnlyForDeploymentPostprocessing = 0;
		};
/* End PBXResourcesBuildPhase section */

/* Begin PBXSourcesBuildPhase section */
		A92F8EC41C36AAB60079710A /* Sources */ = {
			isa = PBXSourcesBuildPhase;
			buildActionMask = 2147483647;
			files = (
				A92F8ED31C36AAB60079710A /* ViewController.swift in Sources */,
				A92F8ECE1C36AAB60079710A /* AppDelegate.swift in Sources */,
				A92F8ED11C36AAB60079710A /* FinanceApplication.xcdatamodeld in Sources */,
			);
			runOnlyForDeploymentPostprocessing = 0;
		};
		A92F8EDC1C36AAB60079710A /* Sources */ = {
			isa = PBXSourcesBuildPhase;
			buildActionMask = 2147483647;
			files = (
				A92F8EE71C36AAB60079710A /* FinanceApplicationTests.swift in Sources */,
			);
			runOnlyForDeploymentPostprocessing = 0;
		};
/* End PBXSourcesBuildPhase section */

/* Begin PBXTargetDependency section */
		A92F8EE21C36AAB60079710A /* PBXTargetDependency */ = {
			isa = PBXTargetDependency;
			target = A92F8EC71C36AAB60079710A /* FinanceApplication */;
			targetProxy = A92F8EE11C36AAB60079710A /* PBXContainerItemProxy */;
		};
/* End PBXTargetDependency section */

/* Begin PBXVariantGroup section */
		A92F8ED41C36AAB60079710A /* Main.storyboard */ = {
			isa = PBXVariantGroup;
			children = (
				A92F8ED51C36AAB60079710A /* Base */,
			);
			name = Main.storyboard;
			sourceTree = "<group>";
		};
		A92F8ED91C36AAB60079710A /* LaunchScreen.xib */ = {
			isa = PBXVariantGroup;
			children = (
				A92F8EDA1C36AAB60079710A /* Base */,
			);
			name = LaunchScreen.xib;
			sourceTree = "<group>";
		};
/* End PBXVariantGroup section */

/* Begin XCBuildConfiguration section */
		A92F8EE81C36AAB60079710A /* Debug */ = {
			isa = XCBuildConfiguration;
			buildSettings = {
				ALWAYS_SEARCH_USER_PATHS = NO;
				CLANG_CXX_LANGUAGE_STANDARD = "gnu++0x";
				CLANG_CXX_LIBRARY = "libc++";
				CLANG_ENABLE_MODULES = YES;
				CLANG_ENABLE_OBJC_ARC = YES;
				CLANG_WARN_BOOL_CONVERSION = YES;
				CLANG_WARN_CONSTANT_CONVERSION = YES;
				CLANG_WARN_DIRECT_OBJC_ISA_USAGE = YES_ERROR;
				CLANG_WARN_EMPTY_BODY = YES;
				CLANG_WARN_ENUM_CONVERSION = YES;
				CLANG_WARN_INT_CONVERSION = YES;
				CLANG_WARN_OBJC_ROOT_CLASS = YES_ERROR;
				CLANG_WARN_UNREACHABLE_CODE = YES;
				CLANG_WARN__DUPLICATE_METHOD_MATCH = YES;
				"CODE_SIGN_IDENTITY[sdk=iphoneos*]" = "iPhone Developer";
				COPY_PHASE_STRIP = NO;
				DEBUG_INFORMATION_FORMAT = "dwarf-with-dsym";
				ENABLE_STRICT_OBJC_MSGSEND = YES;
				GCC_C_LANGUAGE_STANDARD = gnu99;
				GCC_DYNAMIC_NO_PIC = NO;
				GCC_NO_COMMON_BLOCKS = YES;
				GCC_OPTIMIZATION_LEVEL = 0;
				GCC_PREPROCESSOR_DEFINITIONS = (
					"DEBUG=1",
					"$(inherited)",
				);
				GCC_SYMBOLS_PRIVATE_EXTERN = NO;
				GCC_WARN_64_TO_32_BIT_CONVERSION = YES;
				GCC_WARN_ABOUT_RETURN_TYPE = YES_ERROR;
				GCC_WARN_UNDECLARED_SELECTOR = YES;
				GCC_WARN_UNINITIALIZED_AUTOS = YES_AGGRESSIVE;
				GCC_WARN_UNUSED_FUNCTION = YES;
				GCC_WARN_UNUSED_VARIABLE = YES;
				IPHONEOS_DEPLOYMENT_TARGET = 8.4;
				MTL_ENABLE_DEBUG_INFO = YES;
				ONLY_ACTIVE_ARCH = YES;
				SDKROOT = iphoneos;
				SWIFT_OPTIMIZATION_LEVEL = "-Onone";
			};
			name = Debug;
		};
		A92F8EE91C36AAB60079710A /* Release */ = {
			isa = XCBuildConfiguration;
			buildSettings = {
				ALWAYS_SEARCH_USER_PATHS = NO;
				CLANG_CXX_LANGUAGE_STANDARD = "gnu++0x";
				CLANG_CXX_LIBRARY = "libc++";
				CLANG_ENABLE_MODULES = YES;
				CLANG_ENABLE_OBJC_ARC = YES;
				CLANG_WARN_BOOL_CONVERSION = YES;
				CLANG_WARN_CONSTANT_CONVERSION = YES;
				CLANG_WARN_DIRECT_OBJC_ISA_USAGE = YES_ERROR;
				CLANG_WARN_EMPTY_BODY = YES;
				CLANG_WARN_ENUM_CONVERSION = YES;
				CLANG_WARN_INT_CONVERSION = YES;
				CLANG_WARN_OBJC_ROOT_CLASS = YES_ERROR;
				CLANG_WARN_UNREACHABLE_CODE = YES;
				CLANG_WARN__DUPLICATE_METHOD_MATCH = YES;
				"CODE_SIGN_IDENTITY[sdk=iphoneos*]" = "iPhone Developer";
				COPY_PHASE_STRIP = NO;
				DEBUG_INFORMATION_FORMAT = "dwarf-with-dsym";
				ENABLE_NS_ASSERTIONS = NO;
				ENABLE_STRICT_OBJC_MSGSEND = YES;
				GCC_C_LANGUAGE_STANDARD = gnu99;
				GCC_NO_COMMON_BLOCKS = YES;
				GCC_WARN_64_TO_32_BIT_CONVERSION = YES;
				GCC_WARN_ABOUT_RETURN_TYPE = YES_ERROR;
				GCC_WARN_UNDECLARED_SELECTOR = YES;
				GCC_WARN_UNINITIALIZED_AUTOS = YES_AGGRESSIVE;
				GCC_WARN_UNUSED_FUNCTION = YES;
				GCC_WARN_UNUSED_VARIABLE = YES;
				IPHONEOS_DEPLOYMENT_TARGET = 8.4;
				MTL_ENABLE_DEBUG_INFO = NO;
				SDKROOT = iphoneos;
				VALIDATE_PRODUCT = YES;
			};
			name = Release;
		};
		A92F8EEB1C36AAB60079710A /* Debug */ = {
			isa = XCBuildConfiguration;
			buildSettings = {
				ASSETCATALOG_COMPILER_APPICON_NAME = AppIcon;
				INFOPLIST_FILE = FinanceApplication/Info.plist;
				LD_RUNPATH_SEARCH_PATHS = "$(inherited) @executable_path/Frameworks";
				PRODUCT_NAME = "$(TARGET_NAME)";
			};
			name = Debug;
		};
		A92F8EEC1C36AAB60079710A /* Release */ = {
			isa = XCBuildConfiguration;
			buildSettings = {
				ASSETCATALOG_COMPILER_APPICON_NAME = AppIcon;
				INFOPLIST_FILE = FinanceApplication/Info.plist;
				LD_RUNPATH_SEARCH_PATHS = "$(inherited) @executable_path/Frameworks";
				PRODUCT_NAME = "$(TARGET_NAME)";
			};
			name = Release;
		};
		A92F8EEE1C36AAB60079710A /* Debug */ = {
			isa = XCBuildConfiguration;
			buildSettings = {
				BUNDLE_LOADER = "$(TEST_HOST)";
				FRAMEWORK_SEARCH_PATHS = (
					"$(SDKROOT)/Developer/Library/Frameworks",
					"$(inherited)",
				);
				GCC_PREPROCESSOR_DEFINITIONS = (
					"DEBUG=1",
					"$(inherited)",
				);
				INFOPLIST_FILE = FinanceApplicationTests/Info.plist;
				LD_RUNPATH_SEARCH_PATHS = "$(inherited) @executable_path/Frameworks @loader_path/Frameworks";
				PRODUCT_NAME = "$(TARGET_NAME)";
				TEST_HOST = "$(BUILT_PRODUCTS_DIR)/FinanceApplication.app/FinanceApplication";
			};
			name = Debug;
		};
		A92F8EEF1C36AAB60079710A /* Release */ = {
			isa = XCBuildConfiguration;
			buildSettings = {
				BUNDLE_LOADER = "$(TEST_HOST)";
				FRAMEWORK_SEARCH_PATHS = (
					"$(SDKROOT)/Developer/Library/Frameworks",
					"$(inherited)",
				);
				INFOPLIST_FILE = FinanceApplicationTests/Info.plist;
				LD_RUNPATH_SEARCH_PATHS = "$(inherited) @executable_path/Frameworks @loader_path/Frameworks";
				PRODUCT_NAME = "$(TARGET_NAME)";
				TEST_HOST = "$(BUILT_PRODUCTS_DIR)/FinanceApplication.app/FinanceApplication";
			};
			name = Release;
		};
/* End XCBuildConfiguration section */

/* Begin XCConfigurationList section */
		A92F8EC31C36AAB60079710A /* Build configuration list for PBXProject "FinanceApplication" */ = {
			isa = XCConfigurationList;
			buildConfigurations = (
				A92F8EE81C36AAB60079710A /* Debug */,
				A92F8EE91C36AAB60079710A /* Release */,
			);
			defaultConfigurationIsVisible = 0;
			defaultConfigurationName = Release;
		};
		A92F8EEA1C36AAB60079710A /* Build configuration list for PBXNativeTarget "FinanceApplication" */ = {
			isa = XCConfigurationList;
			buildConfigurations = (
				A92F8EEB1C36AAB60079710A /* Debug */,
				A92F8EEC1C36AAB60079710A /* Release */,
			);
			defaultConfigurationIsVisible = 0;
		};
		A92F8EED1C36AAB60079710A /* Build configuration list for PBXNativeTarget "FinanceApplicationTests" */ = {
			isa = XCConfigurationList;
			buildConfigurations = (
				A92F8EEE1C36AAB60079710A /* Debug */,
				A92F8EEF1C36AAB60079710A /* Release */,
			);
			defaultConfigurationIsVisible = 0;
		};
/* End XCConfigurationList section */

/* Begin XCVersionGroup section */
		A92F8ECF1C36AAB60079710A /* FinanceApplication.xcdatamodeld */ = {
			isa = XCVersionGroup;
			children = (
				A92F8ED01C36AAB60079710A /* FinanceApplication.xcdatamodel */,
			);
			currentVersion = A92F8ED01C36AAB60079710A /* FinanceApplication.xcdatamodel */;
			path = FinanceApplication.xcdatamodeld;
			sourceTree = "<group>";
			versionGroupType = wrapper.xcdatamodel;
		};
/* End XCVersionGroup section */
	};
	rootObject = A92F8EC01C36AAB60079710A /* Project object */;
}
